
Microsoft Visual Studio Solution File, Format Version 12.00
# Visual Studio Version 17
VisualStudioVersion = 17.5.33516.290
MinimumVisualStudioVersion = 10.0.40219.1
Project("{FAE04EC0-301F-11D3-BF4B-00C04F79EFBC}") = "partymaster-api", "partymaster-api\partymaster-api.csproj", "{65181C14-73BF-47C3-955F-AC889A05DF0F}"
EndProject
Global
	GlobalSection(SolutionConfigurationPlatforms) = preSolution
		Debug|Any CPU = Debug|Any CPU
		Release|Any CPU = Release|Any CPU
	EndGlobalSection
	GlobalSection(ProjectConfigurationPlatforms) = postSolution
		{65181C14-73BF-47C3-955F-AC889A05DF0F}.Debug|Any CPU.ActiveCfg = Debug|Any CPU
		{65181C14-73BF-47C3-955F-AC889A05DF0F}.Debug|Any CPU.Build.0 = Debug|Any CPU
		{65181C14-73BF-47C3-955F-AC889A05DF0F}.Release|Any CPU.ActiveCfg = Release|Any CPU
		{65181C14-73BF-47C3-955F-AC889A05DF0F}.Release|Any CPU.Build.0 = Release|Any CPU
	EndGlobalSection
	GlobalSection(SolutionProperties) = preSolution
		HideSolutionNode = FALSE
	EndGlobalSection
	GlobalSection(ExtensibilityGlobals) = postSolution
		SolutionGuid = {0F75539B-6859-4966-B400-71D0A11C5BE0}
	EndGlobalSection
EndGlobal
